// !$*UTF8*$!
{
	archiveVersion = 1;
	classes = {
	};
	objectVersion = 51;
	objects = {

/* Begin PBXBuildFile section */
		8C9B78DA26068ED100CC0AF7 /* HP35.swift in Sources */ = {isa = PBXBuildFile; fileRef = 8CCEFB3125F272B800219592 /* HP35.swift */; };
		8C9B78E62606912A00CC0AF7 /* HP35CalculatorFitC2.swift in Sources */ = {isa = PBXBuildFile; fileRef = 8C9B78E52606912A00CC0AF7 /* HP35CalculatorFitC2.swift */; };
		8C9B78E72606912A00CC0AF7 /* HP35CalculatorFitC2.swift in Sources */ = {isa = PBXBuildFile; fileRef = 8C9B78E52606912A00CC0AF7 /* HP35CalculatorFitC2.swift */; };
		8C9B78EF2606916100CC0AF7 /* HP35CalculatorFitC2Tests.swift in Sources */ = {isa = PBXBuildFile; fileRef = 8C9B78EE2606916100CC0AF7 /* HP35CalculatorFitC2Tests.swift */; };
		8C9B78F42606919700CC0AF7 /* FitC2CalculatorFixture.swift in Sources */ = {isa = PBXBuildFile; fileRef = 8C9B78F32606919700CC0AF7 /* FitC2CalculatorFixture.swift */; };
		8CCEFADC25EA664000219592 /* HP35AcceptanceTests.m in Sources */ = {isa = PBXBuildFile; fileRef = 8CCEFADB25EA664000219592 /* HP35AcceptanceTests.m */; };
		8CCEFB0C25EA8A6300219592 /* HP35DriverFixture.swift in Sources */ = {isa = PBXBuildFile; fileRef = 8CCEFB0B25EA8A6300219592 /* HP35DriverFixture.swift */; };
		8CCEFB1125EA8DEE00219592 /* HP35CalculatorSwift.swift in Sources */ = {isa = PBXBuildFile; fileRef = 8CCEFB1025EA8DEE00219592 /* HP35CalculatorSwift.swift */; };
		8CCEFB1225EA8DEE00219592 /* HP35CalculatorSwift.swift in Sources */ = {isa = PBXBuildFile; fileRef = 8CCEFB1025EA8DEE00219592 /* HP35CalculatorSwift.swift */; };
		8CCEFB2325F26EB100219592 /* HP35.js in Resources */ = {isa = PBXBuildFile; fileRef = 8CCEFB2225F26EB100219592 /* HP35.js */; };
		8CCEFB2425F26EB100219592 /* HP35.js in Resources */ = {isa = PBXBuildFile; fileRef = 8CCEFB2225F26EB100219592 /* HP35.js */; };
		8CCEFB2925F26F9F00219592 /* HP35CalculatorJS.swift in Sources */ = {isa = PBXBuildFile; fileRef = 8CCEFB2825F26F9F00219592 /* HP35CalculatorJS.swift */; };
		8CCEFB2A25F26F9F00219592 /* HP35CalculatorJS.swift in Sources */ = {isa = PBXBuildFile; fileRef = 8CCEFB2825F26F9F00219592 /* HP35CalculatorJS.swift */; };
		8CCEFB3225F272B800219592 /* HP35.swift in Sources */ = {isa = PBXBuildFile; fileRef = 8CCEFB3125F272B800219592 /* HP35.swift */; };
		8CDF829A25E144C8005AADE5 /* HP35App.swift in Sources */ = {isa = PBXBuildFile; fileRef = 8CDF829925E144C8005AADE5 /* HP35App.swift */; };
		8CDF829C25E144C8005AADE5 /* ContentView.swift in Sources */ = {isa = PBXBuildFile; fileRef = 8CDF829B25E144C8005AADE5 /* ContentView.swift */; };
		8CDF829E25E144C9005AADE5 /* Assets.xcassets in Resources */ = {isa = PBXBuildFile; fileRef = 8CDF829D25E144C9005AADE5 /* Assets.xcassets */; };
		8CDF82A125E144C9005AADE5 /* Preview Assets.xcassets in Resources */ = {isa = PBXBuildFile; fileRef = 8CDF82A025E144C9005AADE5 /* Preview Assets.xcassets */; };
		9ADC0FDDA4940B59AEE0D204 /* Pods_HP35AcceptanceTests.framework in Frameworks */ = {isa = PBXBuildFile; fileRef = DA07208976EBFFE241DC71B7 /* Pods_HP35AcceptanceTests.framework */; };
		E32F68CF7FBE59A2AA18DF3E /* Pods_HP35Tests.framework in Frameworks */ = {isa = PBXBuildFile; fileRef = 447281933A3998797FFC7704 /* Pods_HP35Tests.framework */; };
		FA66C2CB166FDC98C849F501 /* Pods_HP35.framework in Frameworks */ = {isa = PBXBuildFile; fileRef = 279DC1D79424FE5F9E712758 /* Pods_HP35.framework */; };
/* End PBXBuildFile section */

/* Begin PBXContainerItemProxy section */
		8CDF82A825E144C9005AADE5 /* PBXContainerItemProxy */ = {
			isa = PBXContainerItemProxy;
			containerPortal = 8CDF828E25E144C8005AADE5 /* Project object */;
			proxyType = 1;
			remoteGlobalIDString = 8CDF829525E144C8005AADE5;
			remoteInfo = HP35;
		};
/* End PBXContainerItemProxy section */

/* Begin PBXFileReference section */
		23FC58876721E5E428E29016 /* Pods-AcceptanceTests.debug.xcconfig */ = {isa = PBXFileReference; includeInIndex = 1; lastKnownFileType = text.xcconfig; name = "Pods-AcceptanceTests.debug.xcconfig"; path = "Target Support Files/Pods-AcceptanceTests/Pods-AcceptanceTests.debug.xcconfig"; sourceTree = "<group>"; };
		279DC1D79424FE5F9E712758 /* Pods_HP35.framework */ = {isa = PBXFileReference; explicitFileType = wrapper.framework; includeInIndex = 0; path = Pods_HP35.framework; sourceTree = BUILT_PRODUCTS_DIR; };
		3532D7B13AD162E4D553C73E /* Pods-HP35.debug.xcconfig */ = {isa = PBXFileReference; includeInIndex = 1; lastKnownFileType = text.xcconfig; name = "Pods-HP35.debug.xcconfig"; path = "Target Support Files/Pods-HP35/Pods-HP35.debug.xcconfig"; sourceTree = "<group>"; };
		3720E00870B3E338670AB89D /* Pods-HP35Tests.release.xcconfig */ = {isa = PBXFileReference; includeInIndex = 1; lastKnownFileType = text.xcconfig; name = "Pods-HP35Tests.release.xcconfig"; path = "Target Support Files/Pods-HP35Tests/Pods-HP35Tests.release.xcconfig"; sourceTree = "<group>"; };
		447281933A3998797FFC7704 /* Pods_HP35Tests.framework */ = {isa = PBXFileReference; explicitFileType = wrapper.framework; includeInIndex = 0; path = Pods_HP35Tests.framework; sourceTree = BUILT_PRODUCTS_DIR; };
		4CF232BBC26E1EC81201F910 /* Pods_HP35_HP35UITests.framework */ = {isa = PBXFileReference; explicitFileType = wrapper.framework; includeInIndex = 0; path = Pods_HP35_HP35UITests.framework; sourceTree = BUILT_PRODUCTS_DIR; };
		5901BF21BC9F524E33736FE6 /* Pods-HP35AcceptanceTests.debug.xcconfig */ = {isa = PBXFileReference; includeInIndex = 1; lastKnownFileType = text.xcconfig; name = "Pods-HP35AcceptanceTests.debug.xcconfig"; path = "Target Support Files/Pods-HP35AcceptanceTests/Pods-HP35AcceptanceTests.debug.xcconfig"; sourceTree = "<group>"; };
		5BD7D98FCBEBEBE57F1FF5B0 /* Pods-AcceptanceTests.release.xcconfig */ = {isa = PBXFileReference; includeInIndex = 1; lastKnownFileType = text.xcconfig; name = "Pods-AcceptanceTests.release.xcconfig"; path = "Target Support Files/Pods-AcceptanceTests/Pods-AcceptanceTests.release.xcconfig"; sourceTree = "<group>"; };
		85636D8E327F5AA17F50A741 /* Pods-HP35Tests.debug.xcconfig */ = {isa = PBXFileReference; includeInIndex = 1; lastKnownFileType = text.xcconfig; name = "Pods-HP35Tests.debug.xcconfig"; path = "Target Support Files/Pods-HP35Tests/Pods-HP35Tests.debug.xcconfig"; sourceTree = "<group>"; };
		885FDF937A0C37969CF25454 /* Pods-HP35.release.xcconfig */ = {isa = PBXFileReference; includeInIndex = 1; lastKnownFileType = text.xcconfig; name = "Pods-HP35.release.xcconfig"; path = "Target Support Files/Pods-HP35/Pods-HP35.release.xcconfig"; sourceTree = "<group>"; };
		8A0B74A3DFEA047A223E6861 /* Pods-HP35-HP35UITests.debug.xcconfig */ = {isa = PBXFileReference; includeInIndex = 1; lastKnownFileType = text.xcconfig; name = "Pods-HP35-HP35UITests.debug.xcconfig"; path = "Target Support Files/Pods-HP35-HP35UITests/Pods-HP35-HP35UITests.debug.xcconfig"; sourceTree = "<group>"; };
		8C9B78E52606912A00CC0AF7 /* HP35CalculatorFitC2.swift */ = {isa = PBXFileReference; fileEncoding = 4; lastKnownFileType = sourcecode.swift; path = HP35CalculatorFitC2.swift; sourceTree = "<group>"; };
		8C9B78EE2606916100CC0AF7 /* HP35CalculatorFitC2Tests.swift */ = {isa = PBXFileReference; fileEncoding = 4; lastKnownFileType = sourcecode.swift; path = HP35CalculatorFitC2Tests.swift; sourceTree = "<group>"; };
		8C9B78F32606919700CC0AF7 /* FitC2CalculatorFixture.swift */ = {isa = PBXFileReference; fileEncoding = 4; lastKnownFileType = sourcecode.swift; path = FitC2CalculatorFixture.swift; sourceTree = "<group>"; };
		8CCEFAD925EA664000219592 /* HP35AcceptanceTests.app */ = {isa = PBXFileReference; explicitFileType = wrapper.application; includeInIndex = 0; path = HP35AcceptanceTests.app; sourceTree = BUILT_PRODUCTS_DIR; };
		8CCEFADB25EA664000219592 /* HP35AcceptanceTests.m */ = {isa = PBXFileReference; lastKnownFileType = sourcecode.c.objc; path = HP35AcceptanceTests.m; sourceTree = "<group>"; };
		8CCEFADF25EA664000219592 /* SlimTables.h */ = {isa = PBXFileReference; lastKnownFileType = sourcecode.c.h; path = SlimTables.h; sourceTree = "<group>"; };
		8CCEFAE025EA664000219592 /* HP35AcceptanceTests-Bridging-Header.h */ = {isa = PBXFileReference; lastKnownFileType = sourcecode.c.h; path = "HP35AcceptanceTests-Bridging-Header.h"; sourceTree = "<group>"; };
		8CCEFAE125EA664000219592 /* Info.plist */ = {isa = PBXFileReference; lastKnownFileType = text.plist.xml; path = Info.plist; sourceTree = "<group>"; };
		8CCEFB0B25EA8A6300219592 /* HP35DriverFixture.swift */ = {isa = PBXFileReference; lastKnownFileType = sourcecode.swift; path = HP35DriverFixture.swift; sourceTree = "<group>"; };
		8CCEFB1025EA8DEE00219592 /* HP35CalculatorSwift.swift */ = {isa = PBXFileReference; lastKnownFileType = sourcecode.swift; path = HP35CalculatorSwift.swift; sourceTree = "<group>"; };
		8CCEFB2225F26EB100219592 /* HP35.js */ = {isa = PBXFileReference; lastKnownFileType = sourcecode.javascript; path = HP35.js; sourceTree = "<group>"; };
		8CCEFB2825F26F9F00219592 /* HP35CalculatorJS.swift */ = {isa = PBXFileReference; lastKnownFileType = sourcecode.swift; path = HP35CalculatorJS.swift; sourceTree = "<group>"; };
		8CCEFB3125F272B800219592 /* HP35.swift */ = {isa = PBXFileReference; lastKnownFileType = sourcecode.swift; path = HP35.swift; sourceTree = "<group>"; };
		8CDF829625E144C8005AADE5 /* HP35.app */ = {isa = PBXFileReference; explicitFileType = wrapper.application; includeInIndex = 0; path = HP35.app; sourceTree = BUILT_PRODUCTS_DIR; };
		8CDF829925E144C8005AADE5 /* HP35App.swift */ = {isa = PBXFileReference; lastKnownFileType = sourcecode.swift; path = HP35App.swift; sourceTree = "<group>"; };
		8CDF829B25E144C8005AADE5 /* ContentView.swift */ = {isa = PBXFileReference; lastKnownFileType = sourcecode.swift; path = ContentView.swift; sourceTree = "<group>"; };
		8CDF829D25E144C9005AADE5 /* Assets.xcassets */ = {isa = PBXFileReference; lastKnownFileType = folder.assetcatalog; path = Assets.xcassets; sourceTree = "<group>"; };
		8CDF82A025E144C9005AADE5 /* Preview Assets.xcassets */ = {isa = PBXFileReference; lastKnownFileType = folder.assetcatalog; path = "Preview Assets.xcassets"; sourceTree = "<group>"; };
		8CDF82A225E144C9005AADE5 /* Info.plist */ = {isa = PBXFileReference; lastKnownFileType = text.plist.xml; path = Info.plist; sourceTree = "<group>"; };
		8CDF82A725E144C9005AADE5 /* HP35Tests.xctest */ = {isa = PBXFileReference; explicitFileType = wrapper.cfbundle; includeInIndex = 0; path = HP35Tests.xctest; sourceTree = BUILT_PRODUCTS_DIR; };
		8CDF82AD25E144C9005AADE5 /* Info.plist */ = {isa = PBXFileReference; lastKnownFileType = text.plist.xml; path = Info.plist; sourceTree = "<group>"; };
		AEC6BA762BCBB1A2396C38BB /* Pods-HP35-HP35UITests.release.xcconfig */ = {isa = PBXFileReference; includeInIndex = 1; lastKnownFileType = text.xcconfig; name = "Pods-HP35-HP35UITests.release.xcconfig"; path = "Target Support Files/Pods-HP35-HP35UITests/Pods-HP35-HP35UITests.release.xcconfig"; sourceTree = "<group>"; };
		CB09E808C8D36957E6C013BF /* Pods-HP35AcceptanceTests.release.xcconfig */ = {isa = PBXFileReference; includeInIndex = 1; lastKnownFileType = text.xcconfig; name = "Pods-HP35AcceptanceTests.release.xcconfig"; path = "Target Support Files/Pods-HP35AcceptanceTests/Pods-HP35AcceptanceTests.release.xcconfig"; sourceTree = "<group>"; };
		DA07208976EBFFE241DC71B7 /* Pods_HP35AcceptanceTests.framework */ = {isa = PBXFileReference; explicitFileType = wrapper.framework; includeInIndex = 0; path = Pods_HP35AcceptanceTests.framework; sourceTree = BUILT_PRODUCTS_DIR; };
		F9462C566B9D2B920E0A335A /* Pods_AcceptanceTests.framework */ = {isa = PBXFileReference; explicitFileType = wrapper.framework; includeInIndex = 0; path = Pods_AcceptanceTests.framework; sourceTree = BUILT_PRODUCTS_DIR; };
/* End PBXFileReference section */

/* Begin PBXFrameworksBuildPhase section */
		8CCEFAD525EA664000219592 /* Frameworks */ = {
			isa = PBXFrameworksBuildPhase;
			buildActionMask = 2147483647;
			files = (
				9ADC0FDDA4940B59AEE0D204 /* Pods_HP35AcceptanceTests.framework in Frameworks */,
			);
			runOnlyForDeploymentPostprocessing = 0;
		};
		8CDF829325E144C8005AADE5 /* Frameworks */ = {
			isa = PBXFrameworksBuildPhase;
			buildActionMask = 2147483647;
			files = (
				FA66C2CB166FDC98C849F501 /* Pods_HP35.framework in Frameworks */,
			);
			runOnlyForDeploymentPostprocessing = 0;
		};
		8CDF82A425E144C9005AADE5 /* Frameworks */ = {
			isa = PBXFrameworksBuildPhase;
			buildActionMask = 2147483647;
			files = (
				E32F68CF7FBE59A2AA18DF3E /* Pods_HP35Tests.framework in Frameworks */,
			);
			runOnlyForDeploymentPostprocessing = 0;
		};
/* End PBXFrameworksBuildPhase section */

/* Begin PBXGroup section */
		7E234A54E90C1C7E33A1C82B /* Pods */ = {
			isa = PBXGroup;
			children = (
				23FC58876721E5E428E29016 /* Pods-AcceptanceTests.debug.xcconfig */,
				5BD7D98FCBEBEBE57F1FF5B0 /* Pods-AcceptanceTests.release.xcconfig */,
				3532D7B13AD162E4D553C73E /* Pods-HP35.debug.xcconfig */,
				885FDF937A0C37969CF25454 /* Pods-HP35.release.xcconfig */,
				8A0B74A3DFEA047A223E6861 /* Pods-HP35-HP35UITests.debug.xcconfig */,
				AEC6BA762BCBB1A2396C38BB /* Pods-HP35-HP35UITests.release.xcconfig */,
				85636D8E327F5AA17F50A741 /* Pods-HP35Tests.debug.xcconfig */,
				3720E00870B3E338670AB89D /* Pods-HP35Tests.release.xcconfig */,
				5901BF21BC9F524E33736FE6 /* Pods-HP35AcceptanceTests.debug.xcconfig */,
				CB09E808C8D36957E6C013BF /* Pods-HP35AcceptanceTests.release.xcconfig */,
			);
			path = Pods;
			sourceTree = "<group>";
		};
		8C9B78CD26068E4500CC0AF7 /* App */ = {
			isa = PBXGroup;
			children = (
				8CDF829925E144C8005AADE5 /* HP35App.swift */,
				8CDF829B25E144C8005AADE5 /* ContentView.swift */,
			);
			name = App;
			sourceTree = "<group>";
		};
		8C9B78DE26068EEA00CC0AF7 /* Calculator */ = {
			isa = PBXGroup;
			children = (
				8CCEFB3125F272B800219592 /* HP35.swift */,
				8CCEFB1025EA8DEE00219592 /* HP35CalculatorSwift.swift */,
				8CCEFB2825F26F9F00219592 /* HP35CalculatorJS.swift */,
				8C9B78E52606912A00CC0AF7 /* HP35CalculatorFitC2.swift */,
				8CCEFB2225F26EB100219592 /* HP35.js */,
			);
			name = Calculator;
			sourceTree = "<group>";
		};
		8C9B78F8260691A600CC0AF7 /* Fixtures */ = {
			isa = PBXGroup;
			children = (
				8CCEFB0B25EA8A6300219592 /* HP35DriverFixture.swift */,
				8C9B78F32606919700CC0AF7 /* FitC2CalculatorFixture.swift */,
			);
			name = Fixtures;
			sourceTree = "<group>";
		};
		8CCEFADA25EA664000219592 /* HP35AcceptanceTests */ = {
			isa = PBXGroup;
			children = (
				8C9B78F8260691A600CC0AF7 /* Fixtures */,
				8CCEFAF325EA668800219592 /* Supporting Files */,
				8CCEFAE125EA664000219592 /* Info.plist */,
			);
			path = HP35AcceptanceTests;
			sourceTree = "<group>";
		};
		8CCEFAF325EA668800219592 /* Supporting Files */ = {
			isa = PBXGroup;
			children = (
				8CCEFADF25EA664000219592 /* SlimTables.h */,
				8CCEFADB25EA664000219592 /* HP35AcceptanceTests.m */,
				8CCEFAE025EA664000219592 /* HP35AcceptanceTests-Bridging-Header.h */,
			);
			name = "Supporting Files";
			sourceTree = "<group>";
		};
		8CDF828D25E144C8005AADE5 = {
			isa = PBXGroup;
			children = (
				8CDF829825E144C8005AADE5 /* HP35 */,
				8CDF82AA25E144C9005AADE5 /* HP35Tests */,
				8CCEFADA25EA664000219592 /* HP35AcceptanceTests */,
				8CDF829725E144C8005AADE5 /* Products */,
				7E234A54E90C1C7E33A1C82B /* Pods */,
				E931B76240FF79784D693AC7 /* Frameworks */,
			);
			sourceTree = "<group>";
		};
		8CDF829725E144C8005AADE5 /* Products */ = {
			isa = PBXGroup;
			children = (
				8CDF829625E144C8005AADE5 /* HP35.app */,
				8CDF82A725E144C9005AADE5 /* HP35Tests.xctest */,
				8CCEFAD925EA664000219592 /* HP35AcceptanceTests.app */,
			);
			name = Products;
			sourceTree = "<group>";
		};
		8CDF829825E144C8005AADE5 /* HP35 */ = {
			isa = PBXGroup;
			children = (
				8C9B78CD26068E4500CC0AF7 /* App */,
				8C9B78DE26068EEA00CC0AF7 /* Calculator */,
				8CDF829F25E144C9005AADE5 /* Preview Content */,
				8CDF829D25E144C9005AADE5 /* Assets.xcassets */,
				8CDF82A225E144C9005AADE5 /* Info.plist */,
			);
			path = HP35;
			sourceTree = "<group>";
		};
		8CDF829F25E144C9005AADE5 /* Preview Content */ = {
			isa = PBXGroup;
			children = (
				8CDF82A025E144C9005AADE5 /* Preview Assets.xcassets */,
			);
			path = "Preview Content";
			sourceTree = "<group>";
		};
		8CDF82AA25E144C9005AADE5 /* HP35Tests */ = {
			isa = PBXGroup;
			children = (
				8C9B78EE2606916100CC0AF7 /* HP35CalculatorFitC2Tests.swift */,
				8CDF82AD25E144C9005AADE5 /* Info.plist */,
			);
			path = HP35Tests;
			sourceTree = "<group>";
		};
		E931B76240FF79784D693AC7 /* Frameworks */ = {
			isa = PBXGroup;
			children = (
				F9462C566B9D2B920E0A335A /* Pods_AcceptanceTests.framework */,
				279DC1D79424FE5F9E712758 /* Pods_HP35.framework */,
				4CF232BBC26E1EC81201F910 /* Pods_HP35_HP35UITests.framework */,
				447281933A3998797FFC7704 /* Pods_HP35Tests.framework */,
				DA07208976EBFFE241DC71B7 /* Pods_HP35AcceptanceTests.framework */,
			);
			name = Frameworks;
			sourceTree = "<group>";
		};
/* End PBXGroup section */

/* Begin PBXNativeTarget section */
		8CCEFAD825EA664000219592 /* HP35AcceptanceTests */ = {
			isa = PBXNativeTarget;
			buildConfigurationList = 8CCEFAE225EA664000219592 /* Build configuration list for PBXNativeTarget "HP35AcceptanceTests" */;
			buildPhases = (
				BFEA245E5F2AD9F65AC5EDA3 /* [CP] Check Pods Manifest.lock */,
				8CCEFAD425EA664000219592 /* Sources */,
				8CCEFAD525EA664000219592 /* Frameworks */,
				8CCEFAD625EA664000219592 /* Resources */,
				8CCEFAD725EA664000219592 /* [OCSP] Generate Fitnesse Test System Scripts */,
				30E7A5E6863C4CB8E5704C16 /* [CP] Embed Pods Frameworks */,
			);
			buildRules = (
			);
			dependencies = (
			);
			name = HP35AcceptanceTests;
			productName = HP35AcceptanceTests;
			productReference = 8CCEFAD925EA664000219592 /* HP35AcceptanceTests.app */;
			productType = "com.apple.product-type.application";
		};
		8CDF829525E144C8005AADE5 /* HP35 */ = {
			isa = PBXNativeTarget;
			buildConfigurationList = 8CDF82BB25E144C9005AADE5 /* Build configuration list for PBXNativeTarget "HP35" */;
			buildPhases = (
				DC21C8EB6997EDE8D4EC9F8C /* [CP] Check Pods Manifest.lock */,
				8CDF829225E144C8005AADE5 /* Sources */,
				8CDF829325E144C8005AADE5 /* Frameworks */,
				8CDF829425E144C8005AADE5 /* Resources */,
			);
			buildRules = (
			);
			dependencies = (
			);
			name = HP35;
			productName = HP35;
			productReference = 8CDF829625E144C8005AADE5 /* HP35.app */;
			productType = "com.apple.product-type.application";
		};
		8CDF82A625E144C9005AADE5 /* HP35Tests */ = {
			isa = PBXNativeTarget;
			buildConfigurationList = 8CDF82BE25E144C9005AADE5 /* Build configuration list for PBXNativeTarget "HP35Tests" */;
			buildPhases = (
				BC44BF62D184007422374906 /* [CP] Check Pods Manifest.lock */,
				8CDF82A325E144C9005AADE5 /* Sources */,
				8CDF82A425E144C9005AADE5 /* Frameworks */,
				8CDF82A525E144C9005AADE5 /* Resources */,
			);
			buildRules = (
			);
			dependencies = (
				8CDF82A925E144C9005AADE5 /* PBXTargetDependency */,
			);
			name = HP35Tests;
			productName = HP35Tests;
			productReference = 8CDF82A725E144C9005AADE5 /* HP35Tests.xctest */;
			productType = "com.apple.product-type.bundle.unit-test";
		};
/* End PBXNativeTarget section */

/* Begin PBXProject section */
		8CDF828E25E144C8005AADE5 /* Project object */ = {
			isa = PBXProject;
			attributes = {
				LastSwiftUpdateCheck = 1240;
				LastUpgradeCheck = 1240;
				TargetAttributes = {
					8CCEFAD825EA664000219592 = {
						CreatedOnToolsVersion = 12.4;
					};
					8CDF829525E144C8005AADE5 = {
						CreatedOnToolsVersion = 12.4;
					};
					8CDF82A625E144C9005AADE5 = {
						CreatedOnToolsVersion = 12.4;
						LastSwiftMigration = 1240;
						TestTargetID = 8CDF829525E144C8005AADE5;
					};
				};
			};
			buildConfigurationList = 8CDF829125E144C8005AADE5 /* Build configuration list for PBXProject "HP35" */;
			compatibilityVersion = "Xcode 9.3";
			developmentRegion = en;
			hasScannedForEncodings = 0;
			knownRegions = (
				en,
				Base,
			);
			mainGroup = 8CDF828D25E144C8005AADE5;
			productRefGroup = 8CDF829725E144C8005AADE5 /* Products */;
			projectDirPath = "";
			projectRoot = "";
			targets = (
				8CDF829525E144C8005AADE5 /* HP35 */,
				8CDF82A625E144C9005AADE5 /* HP35Tests */,
				8CCEFAD825EA664000219592 /* HP35AcceptanceTests */,
			);
		};
/* End PBXProject section */

/* Begin PBXResourcesBuildPhase section */
		8CCEFAD625EA664000219592 /* Resources */ = {
			isa = PBXResourcesBuildPhase;
			buildActionMask = 2147483647;
			files = (
				8CCEFB2425F26EB100219592 /* HP35.js in Resources */,
			);
			runOnlyForDeploymentPostprocessing = 0;
		};
		8CDF829425E144C8005AADE5 /* Resources */ = {
			isa = PBXResourcesBuildPhase;
			buildActionMask = 2147483647;
			files = (
				8CCEFB2325F26EB100219592 /* HP35.js in Resources */,
				8CDF82A125E144C9005AADE5 /* Preview Assets.xcassets in Resources */,
				8CDF829E25E144C9005AADE5 /* Assets.xcassets in Resources */,
			);
			runOnlyForDeploymentPostprocessing = 0;
		};
		8CDF82A525E144C9005AADE5 /* Resources */ = {
			isa = PBXResourcesBuildPhase;
			buildActionMask = 2147483647;
			files = (
			);
			runOnlyForDeploymentPostprocessing = 0;
		};
/* End PBXResourcesBuildPhase section */

/* Begin PBXShellScriptBuildPhase section */
		30E7A5E6863C4CB8E5704C16 /* [CP] Embed Pods Frameworks */ = {
			isa = PBXShellScriptBuildPhase;
			buildActionMask = 2147483647;
			files = (
			);
			inputFileListPaths = (
				"${PODS_ROOT}/Target Support Files/Pods-HP35AcceptanceTests/Pods-HP35AcceptanceTests-frameworks-${CONFIGURATION}-input-files.xcfilelist",
			);
			name = "[CP] Embed Pods Frameworks";
			outputFileListPaths = (
				"${PODS_ROOT}/Target Support Files/Pods-HP35AcceptanceTests/Pods-HP35AcceptanceTests-frameworks-${CONFIGURATION}-output-files.xcfilelist",
			);
			runOnlyForDeploymentPostprocessing = 0;
			shellPath = /bin/sh;
			shellScript = "\"${PODS_ROOT}/Target Support Files/Pods-HP35AcceptanceTests/Pods-HP35AcceptanceTests-frameworks.sh\"\n";
			showEnvVarsInLog = 0;
		};
		8CCEFAD725EA664000219592 /* [OCSP] Generate Fitnesse Test System Scripts */ = {
			isa = PBXShellScriptBuildPhase;
			buildActionMask = 2147483647;
			files = (
			);
			inputFileListPaths = (
			);
			inputPaths = (
			);
			name = "[OCSP] Generate Fitnesse Test System Scripts";
			outputFileListPaths = (
			);
			outputPaths = (
			);
			runOnlyForDeploymentPostprocessing = 0;
			shellPath = /bin/sh;
			shellScript = "\"${OCSP_SUPPORT_FILE_DIR}/ocsp-generate-fitnesse-test-system-scripts.sh\" \"${OCSP_BUNDLE_RESOURCES_DIR}\"";
		};
		BC44BF62D184007422374906 /* [CP] Check Pods Manifest.lock */ = {
			isa = PBXShellScriptBuildPhase;
			buildActionMask = 2147483647;
			files = (
			);
			inputFileListPaths = (
			);
			inputPaths = (
				"${PODS_PODFILE_DIR_PATH}/Podfile.lock",
				"${PODS_ROOT}/Manifest.lock",
			);
			name = "[CP] Check Pods Manifest.lock";
			outputFileListPaths = (
			);
			outputPaths = (
				"$(DERIVED_FILE_DIR)/Pods-HP35Tests-checkManifestLockResult.txt",
			);
			runOnlyForDeploymentPostprocessing = 0;
			shellPath = /bin/sh;
			shellScript = "diff \"${PODS_PODFILE_DIR_PATH}/Podfile.lock\" \"${PODS_ROOT}/Manifest.lock\" > /dev/null\nif [ $? != 0 ] ; then\n    # print error to STDERR\n    echo \"error: The sandbox is not in sync with the Podfile.lock. Run 'pod install' or update your CocoaPods installation.\" >&2\n    exit 1\nfi\n# This output is used by Xcode 'outputs' to avoid re-running this script phase.\necho \"SUCCESS\" > \"${SCRIPT_OUTPUT_FILE_0}\"\n";
			showEnvVarsInLog = 0;
		};
		BFEA245E5F2AD9F65AC5EDA3 /* [CP] Check Pods Manifest.lock */ = {
			isa = PBXShellScriptBuildPhase;
			buildActionMask = 2147483647;
			files = (
			);
			inputFileListPaths = (
			);
			inputPaths = (
				"${PODS_PODFILE_DIR_PATH}/Podfile.lock",
				"${PODS_ROOT}/Manifest.lock",
			);
			name = "[CP] Check Pods Manifest.lock";
			outputFileListPaths = (
			);
			outputPaths = (
				"$(DERIVED_FILE_DIR)/Pods-HP35AcceptanceTests-checkManifestLockResult.txt",
			);
			runOnlyForDeploymentPostprocessing = 0;
			shellPath = /bin/sh;
			shellScript = "diff \"${PODS_PODFILE_DIR_PATH}/Podfile.lock\" \"${PODS_ROOT}/Manifest.lock\" > /dev/null\nif [ $? != 0 ] ; then\n    # print error to STDERR\n    echo \"error: The sandbox is not in sync with the Podfile.lock. Run 'pod install' or update your CocoaPods installation.\" >&2\n    exit 1\nfi\n# This output is used by Xcode 'outputs' to avoid re-running this script phase.\necho \"SUCCESS\" > \"${SCRIPT_OUTPUT_FILE_0}\"\n";
			showEnvVarsInLog = 0;
		};
		DC21C8EB6997EDE8D4EC9F8C /* [CP] Check Pods Manifest.lock */ = {
			isa = PBXShellScriptBuildPhase;
			buildActionMask = 2147483647;
			files = (
			);
			inputFileListPaths = (
			);
			inputPaths = (
				"${PODS_PODFILE_DIR_PATH}/Podfile.lock",
				"${PODS_ROOT}/Manifest.lock",
			);
			name = "[CP] Check Pods Manifest.lock";
			outputFileListPaths = (
			);
			outputPaths = (
				"$(DERIVED_FILE_DIR)/Pods-HP35-checkManifestLockResult.txt",
			);
			runOnlyForDeploymentPostprocessing = 0;
			shellPath = /bin/sh;
			shellScript = "diff \"${PODS_PODFILE_DIR_PATH}/Podfile.lock\" \"${PODS_ROOT}/Manifest.lock\" > /dev/null\nif [ $? != 0 ] ; then\n    # print error to STDERR\n    echo \"error: The sandbox is not in sync with the Podfile.lock. Run 'pod install' or update your CocoaPods installation.\" >&2\n    exit 1\nfi\n# This output is used by Xcode 'outputs' to avoid re-running this script phase.\necho \"SUCCESS\" > \"${SCRIPT_OUTPUT_FILE_0}\"\n";
			showEnvVarsInLog = 0;
		};
/* End PBXShellScriptBuildPhase section */

/* Begin PBXSourcesBuildPhase section */
		8CCEFAD425EA664000219592 /* Sources */ = {
			isa = PBXSourcesBuildPhase;
			buildActionMask = 2147483647;
			files = (
				8C9B78E72606912A00CC0AF7 /* HP35CalculatorFitC2.swift in Sources */,
				8CCEFB2A25F26F9F00219592 /* HP35CalculatorJS.swift in Sources */,
				8CCEFB1225EA8DEE00219592 /* HP35CalculatorSwift.swift in Sources */,
				8CCEFADC25EA664000219592 /* HP35AcceptanceTests.m in Sources */,
				8C9B78F42606919700CC0AF7 /* FitC2CalculatorFixture.swift in Sources */,
				8CCEFB0C25EA8A6300219592 /* HP35DriverFixture.swift in Sources */,
				8C9B78DA26068ED100CC0AF7 /* HP35.swift in Sources */,
			);
			runOnlyForDeploymentPostprocessing = 0;
		};
		8CDF829225E144C8005AADE5 /* Sources */ = {
			isa = PBXSourcesBuildPhase;
			buildActionMask = 2147483647;
			files = (
				8C9B78E62606912A00CC0AF7 /* HP35CalculatorFitC2.swift in Sources */,
				8CCEFB2925F26F9F00219592 /* HP35CalculatorJS.swift in Sources */,
				8CCEFB1125EA8DEE00219592 /* HP35CalculatorSwift.swift in Sources */,
				8CDF829C25E144C8005AADE5 /* ContentView.swift in Sources */,
				8CCEFB3225F272B800219592 /* HP35.swift in Sources */,
				8CDF829A25E144C8005AADE5 /* HP35App.swift in Sources */,
			);
			runOnlyForDeploymentPostprocessing = 0;
		};
		8CDF82A325E144C9005AADE5 /* Sources */ = {
			isa = PBXSourcesBuildPhase;
			buildActionMask = 2147483647;
			files = (
				8C9B78EF2606916100CC0AF7 /* HP35CalculatorFitC2Tests.swift in Sources */,
			);
			runOnlyForDeploymentPostprocessing = 0;
		};
/* End PBXSourcesBuildPhase section */

/* Begin PBXTargetDependency section */
		8CDF82A925E144C9005AADE5 /* PBXTargetDependency */ = {
			isa = PBXTargetDependency;
			target = 8CDF829525E144C8005AADE5 /* HP35 */;
			targetProxy = 8CDF82A825E144C9005AADE5 /* PBXContainerItemProxy */;
		};
/* End PBXTargetDependency section */

/* Begin XCBuildConfiguration section */
		8CCEFAE325EA664000219592 /* Debug */ = {
			isa = XCBuildConfiguration;
			baseConfigurationReference = 5901BF21BC9F524E33736FE6 /* Pods-HP35AcceptanceTests.debug.xcconfig */;
			buildSettings = {
				CODE_SIGN_STYLE = Automatic;
				DEVELOPMENT_TEAM = 35898HU6KU;
				INFOPLIST_FILE = HP35AcceptanceTests/Info.plist;
				LD_RUNPATH_SEARCH_PATHS = (
					"$(inherited)",
					"@executable_path/Frameworks",
				);
				PRODUCT_BUNDLE_IDENTIFIER = com.cleancoders.acceptancetesting.HP35AcceptanceTests;
				PRODUCT_NAME = "$(TARGET_NAME)";
				SWIFT_OBJC_BRIDGING_HEADER = "HP35AcceptanceTests/HP35AcceptanceTests-Bridging-Header.h";
				SWIFT_VERSION = 5.0;
				TARGETED_DEVICE_FAMILY = "1,2";
			};
			name = Debug;
		};
		8CCEFAE425EA664000219592 /* Release */ = {
			isa = XCBuildConfiguration;
			baseConfigurationReference = CB09E808C8D36957E6C013BF /* Pods-HP35AcceptanceTests.release.xcconfig */;
			buildSettings = {
				CODE_SIGN_STYLE = Automatic;
				DEVELOPMENT_TEAM = 35898HU6KU;
				INFOPLIST_FILE = HP35AcceptanceTests/Info.plist;
				LD_RUNPATH_SEARCH_PATHS = (
					"$(inherited)",
					"@executable_path/Frameworks",
				);
				PRODUCT_BUNDLE_IDENTIFIER = com.cleancoders.acceptancetesting.HP35AcceptanceTests;
				PRODUCT_NAME = "$(TARGET_NAME)";
				SWIFT_OBJC_BRIDGING_HEADER = "HP35AcceptanceTests/HP35AcceptanceTests-Bridging-Header.h";
				SWIFT_VERSION = 5.0;
				TARGETED_DEVICE_FAMILY = "1,2";
			};
			name = Release;
		};
		8CDF82B925E144C9005AADE5 /* Debug */ = {
			isa = XCBuildConfiguration;
			buildSettings = {
				ALWAYS_SEARCH_USER_PATHS = NO;
				CLANG_ANALYZER_NONNULL = YES;
				CLANG_ANALYZER_NUMBER_OBJECT_CONVERSION = YES_AGGRESSIVE;
				CLANG_CXX_LANGUAGE_STANDARD = "gnu++14";
				CLANG_CXX_LIBRARY = "libc++";
				CLANG_ENABLE_MODULES = YES;
				CLANG_ENABLE_OBJC_ARC = YES;
				CLANG_ENABLE_OBJC_WEAK = YES;
				CLANG_WARN_BLOCK_CAPTURE_AUTORELEASING = YES;
				CLANG_WARN_BOOL_CONVERSION = YES;
				CLANG_WARN_COMMA = YES;
				CLANG_WARN_CONSTANT_CONVERSION = YES;
				CLANG_WARN_DEPRECATED_OBJC_IMPLEMENTATIONS = YES;
				CLANG_WARN_DIRECT_OBJC_ISA_USAGE = YES_ERROR;
				CLANG_WARN_DOCUMENTATION_COMMENTS = YES;
				CLANG_WARN_EMPTY_BODY = YES;
				CLANG_WARN_ENUM_CONVERSION = YES;
				CLANG_WARN_INFINITE_RECURSION = YES;
				CLANG_WARN_INT_CONVERSION = YES;
				CLANG_WARN_NON_LITERAL_NULL_CONVERSION = YES;
				CLANG_WARN_OBJC_IMPLICIT_RETAIN_SELF = YES;
				CLANG_WARN_OBJC_LITERAL_CONVERSION = YES;
				CLANG_WARN_OBJC_ROOT_CLASS = YES_ERROR;
				CLANG_WARN_QUOTED_INCLUDE_IN_FRAMEWORK_HEADER = YES;
				CLANG_WARN_RANGE_LOOP_ANALYSIS = YES;
				CLANG_WARN_STRICT_PROTOTYPES = YES;
				CLANG_WARN_SUSPICIOUS_MOVE = YES;
				CLANG_WARN_UNGUARDED_AVAILABILITY = YES_AGGRESSIVE;
				CLANG_WARN_UNREACHABLE_CODE = YES;
				CLANG_WARN__DUPLICATE_METHOD_MATCH = YES;
				COPY_PHASE_STRIP = NO;
				DEBUG_INFORMATION_FORMAT = dwarf;
				ENABLE_STRICT_OBJC_MSGSEND = YES;
				ENABLE_TESTABILITY = YES;
				GCC_C_LANGUAGE_STANDARD = gnu11;
				GCC_DYNAMIC_NO_PIC = NO;
				GCC_NO_COMMON_BLOCKS = YES;
				GCC_OPTIMIZATION_LEVEL = 0;
				GCC_PREPROCESSOR_DEFINITIONS = (
					"DEBUG=1",
					"$(inherited)",
				);
				GCC_WARN_64_TO_32_BIT_CONVERSION = YES;
				GCC_WARN_ABOUT_RETURN_TYPE = YES_ERROR;
				GCC_WARN_UNDECLARED_SELECTOR = YES;
				GCC_WARN_UNINITIALIZED_AUTOS = YES_AGGRESSIVE;
				GCC_WARN_UNUSED_FUNCTION = YES;
				GCC_WARN_UNUSED_VARIABLE = YES;
				IPHONEOS_DEPLOYMENT_TARGET = 14.4;
				MTL_ENABLE_DEBUG_INFO = INCLUDE_SOURCE;
				MTL_FAST_MATH = YES;
				ONLY_ACTIVE_ARCH = YES;
				SDKROOT = iphoneos;
				SWIFT_ACTIVE_COMPILATION_CONDITIONS = DEBUG;
				SWIFT_OPTIMIZATION_LEVEL = "-Onone";
			};
			name = Debug;
		};
		8CDF82BA25E144C9005AADE5 /* Release */ = {
			isa = XCBuildConfiguration;
			buildSettings = {
				ALWAYS_SEARCH_USER_PATHS = NO;
				CLANG_ANALYZER_NONNULL = YES;
				CLANG_ANALYZER_NUMBER_OBJECT_CONVERSION = YES_AGGRESSIVE;
				CLANG_CXX_LANGUAGE_STANDARD = "gnu++14";
				CLANG_CXX_LIBRARY = "libc++";
				CLANG_ENABLE_MODULES = YES;
				CLANG_ENABLE_OBJC_ARC = YES;
				CLANG_ENABLE_OBJC_WEAK = YES;
				CLANG_WARN_BLOCK_CAPTURE_AUTORELEASING = YES;
				CLANG_WARN_BOOL_CONVERSION = YES;
				CLANG_WARN_COMMA = YES;
				CLANG_WARN_CONSTANT_CONVERSION = YES;
				CLANG_WARN_DEPRECATED_OBJC_IMPLEMENTATIONS = YES;
				CLANG_WARN_DIRECT_OBJC_ISA_USAGE = YES_ERROR;
				CLANG_WARN_DOCUMENTATION_COMMENTS = YES;
				CLANG_WARN_EMPTY_BODY = YES;
				CLANG_WARN_ENUM_CONVERSION = YES;
				CLANG_WARN_INFINITE_RECURSION = YES;
				CLANG_WARN_INT_CONVERSION = YES;
				CLANG_WARN_NON_LITERAL_NULL_CONVERSION = YES;
				CLANG_WARN_OBJC_IMPLICIT_RETAIN_SELF = YES;
				CLANG_WARN_OBJC_LITERAL_CONVERSION = YES;
				CLANG_WARN_OBJC_ROOT_CLASS = YES_ERROR;
				CLANG_WARN_QUOTED_INCLUDE_IN_FRAMEWORK_HEADER = YES;
				CLANG_WARN_RANGE_LOOP_ANALYSIS = YES;
				CLANG_WARN_STRICT_PROTOTYPES = YES;
				CLANG_WARN_SUSPICIOUS_MOVE = YES;
				CLANG_WARN_UNGUARDED_AVAILABILITY = YES_AGGRESSIVE;
				CLANG_WARN_UNREACHABLE_CODE = YES;
				CLANG_WARN__DUPLICATE_METHOD_MATCH = YES;
				COPY_PHASE_STRIP = NO;
				DEBUG_INFORMATION_FORMAT = "dwarf-with-dsym";
				ENABLE_NS_ASSERTIONS = NO;
				ENABLE_STRICT_OBJC_MSGSEND = YES;
				GCC_C_LANGUAGE_STANDARD = gnu11;
				GCC_NO_COMMON_BLOCKS = YES;
				GCC_WARN_64_TO_32_BIT_CONVERSION = YES;
				GCC_WARN_ABOUT_RETURN_TYPE = YES_ERROR;
				GCC_WARN_UNDECLARED_SELECTOR = YES;
				GCC_WARN_UNINITIALIZED_AUTOS = YES_AGGRESSIVE;
				GCC_WARN_UNUSED_FUNCTION = YES;
				GCC_WARN_UNUSED_VARIABLE = YES;
				IPHONEOS_DEPLOYMENT_TARGET = 14.4;
				MTL_ENABLE_DEBUG_INFO = NO;
				MTL_FAST_MATH = YES;
				SDKROOT = iphoneos;
				SWIFT_COMPILATION_MODE = wholemodule;
				SWIFT_OPTIMIZATION_LEVEL = "-O";
				VALIDATE_PRODUCT = YES;
			};
			name = Release;
		};
		8CDF82BC25E144C9005AADE5 /* Debug */ = {
			isa = XCBuildConfiguration;
			baseConfigurationReference = 3532D7B13AD162E4D553C73E /* Pods-HP35.debug.xcconfig */;
			buildSettings = {
				ASSETCATALOG_COMPILER_APPICON_NAME = AppIcon;
				ASSETCATALOG_COMPILER_GLOBAL_ACCENT_COLOR_NAME = AccentColor;
				CODE_SIGN_STYLE = Automatic;
				DEVELOPMENT_ASSET_PATHS = "\"HP35/Preview Content\"";
				DEVELOPMENT_TEAM = 35898HU6KU;
				ENABLE_PREVIEWS = YES;
				INFOPLIST_FILE = HP35/Info.plist;
				IPHONEOS_DEPLOYMENT_TARGET = 14.0;
				LD_RUNPATH_SEARCH_PATHS = (
					"$(inherited)",
					"@executable_path/Frameworks",
				);
				PRODUCT_BUNDLE_IDENTIFIER = com.cleancoders.acceptancetesting.HP35;
				PRODUCT_NAME = "$(TARGET_NAME)";
				SWIFT_VERSION = 5.0;
				TARGETED_DEVICE_FAMILY = "1,2";
			};
			name = Debug;
		};
		8CDF82BD25E144C9005AADE5 /* Release */ = {
			isa = XCBuildConfiguration;
			baseConfigurationReference = 885FDF937A0C37969CF25454 /* Pods-HP35.release.xcconfig */;
			buildSettings = {
				ASSETCATALOG_COMPILER_APPICON_NAME = AppIcon;
				ASSETCATALOG_COMPILER_GLOBAL_ACCENT_COLOR_NAME = AccentColor;
				CODE_SIGN_STYLE = Automatic;
				DEVELOPMENT_ASSET_PATHS = "\"HP35/Preview Content\"";
				DEVELOPMENT_TEAM = 35898HU6KU;
				ENABLE_PREVIEWS = YES;
				INFOPLIST_FILE = HP35/Info.plist;
				IPHONEOS_DEPLOYMENT_TARGET = 14.0;
				LD_RUNPATH_SEARCH_PATHS = (
					"$(inherited)",
					"@executable_path/Frameworks",
				);
				PRODUCT_BUNDLE_IDENTIFIER = com.cleancoders.acceptancetesting.HP35;
				PRODUCT_NAME = "$(TARGET_NAME)";
				SWIFT_VERSION = 5.0;
				TARGETED_DEVICE_FAMILY = "1,2";
			};
			name = Release;
		};
		8CDF82BF25E144C9005AADE5 /* Debug */ = {
			isa = XCBuildConfiguration;
			baseConfigurationReference = 85636D8E327F5AA17F50A741 /* Pods-HP35Tests.debug.xcconfig */;
			buildSettings = {
				ALWAYS_EMBED_SWIFT_STANDARD_LIBRARIES = YES;
				BUNDLE_LOADER = "$(TEST_HOST)";
				CLANG_ENABLE_MODULES = YES;
				CODE_SIGN_STYLE = Automatic;
				DEVELOPMENT_TEAM = 84CDBVGV8X;
				INFOPLIST_FILE = HP35Tests/Info.plist;
				IPHONEOS_DEPLOYMENT_TARGET = 14.0;
				LD_RUNPATH_SEARCH_PATHS = (
					"$(inherited)",
					"@executable_path/Frameworks",
					"@loader_path/Frameworks",
				);
				PRODUCT_BUNDLE_IDENTIFIER = com.cleancoders.acceptancetesting.HP35Tests;
				PRODUCT_NAME = "$(TARGET_NAME)";
				SWIFT_OPTIMIZATION_LEVEL = "-Onone";
				SWIFT_VERSION = 5.0;
				TARGETED_DEVICE_FAMILY = "1,2";
				TEST_HOST = "$(BUILT_PRODUCTS_DIR)/HP35.app/HP35";
			};
			name = Debug;
		};
		8CDF82C025E144C9005AADE5 /* Release */ = {
			isa = XCBuildConfiguration;
			baseConfigurationReference = 3720E00870B3E338670AB89D /* Pods-HP35Tests.release.xcconfig */;
			buildSettings = {
				ALWAYS_EMBED_SWIFT_STANDARD_LIBRARIES = YES;
				BUNDLE_LOADER = "$(TEST_HOST)";
				CLANG_ENABLE_MODULES = YES;
				CODE_SIGN_STYLE = Automatic;
				DEVELOPMENT_TEAM = 84CDBVGV8X;
				INFOPLIST_FILE = HP35Tests/Info.plist;
				IPHONEOS_DEPLOYMENT_TARGET = 14.0;
				LD_RUNPATH_SEARCH_PATHS = (
					"$(inherited)",
					"@executable_path/Frameworks",
					"@loader_path/Frameworks",
				);
				PRODUCT_BUNDLE_IDENTIFIER = com.cleancoders.acceptancetesting.HP35Tests;
				PRODUCT_NAME = "$(TARGET_NAME)";
				SWIFT_VERSION = 5.0;
				TARGETED_DEVICE_FAMILY = "1,2";
				TEST_HOST = "$(BUILT_PRODUCTS_DIR)/HP35.app/HP35";
			};
			name = Release;
		};
/* End XCBuildConfiguration section */

/* Begin XCConfigurationList section */
		8CCEFAE225EA664000219592 /* Build configuration list for PBXNativeTarget "HP35AcceptanceTests" */ = {
			isa = XCConfigurationList;
			buildConfigurations = (
				8CCEFAE325EA664000219592 /* Debug */,
				8CCEFAE425EA664000219592 /* Release */,
			);
			defaultConfigurationIsVisible = 0;
			defaultConfigurationName = Release;
		};
		8CDF829125E144C8005AADE5 /* Build configuration list for PBXProject "HP35" */ = {
			isa = XCConfigurationList;
			buildConfigurations = (
				8CDF82B925E144C9005AADE5 /* Debug */,
				8CDF82BA25E144C9005AADE5 /* Release */,
			);
			defaultConfigurationIsVisible = 0;
			defaultConfigurationName = Release;
		};
		8CDF82BB25E144C9005AADE5 /* Build configuration list for PBXNativeTarget "HP35" */ = {
			isa = XCConfigurationList;
			buildConfigurations = (
				8CDF82BC25E144C9005AADE5 /* Debug */,
				8CDF82BD25E144C9005AADE5 /* Release */,
			);
			defaultConfigurationIsVisible = 0;
			defaultConfigurationName = Release;
		};
		8CDF82BE25E144C9005AADE5 /* Build configuration list for PBXNativeTarget "HP35Tests" */ = {
			isa = XCConfigurationList;
			buildConfigurations = (
				8CDF82BF25E144C9005AADE5 /* Debug */,
				8CDF82C025E144C9005AADE5 /* Release */,
			);
			defaultConfigurationIsVisible = 0;
			defaultConfigurationName = Release;
		};
/* End XCConfigurationList section */
	};
	rootObject = 8CDF828E25E144C8005AADE5 /* Project object */;
}
